
Microsoft Visual Studio Solution File, Format Version 12.00
# Visual Studio Version 16
VisualStudioVersion = 16.0.30621.155
MinimumVisualStudioVersion = 10.0.40219.1
Project("{9A19103F-16F7-4668-BE54-9A1E7A4F7556}") = "VesizleMvcCore", "VesizleMvcCore\VesizleMvcCore.csproj", "{164709A6-1BDD-42BF-8EEB-4FAD7F1B406E}"
EndProject
Global
	GlobalSection(SolutionConfigurationPlatforms) = preSolution
		Debug|Any CPU = Debug|Any CPU
		Release|Any CPU = Release|Any CPU
	EndGlobalSection
	GlobalSection(ProjectConfigurationPlatforms) = postSolution
		{164709A6-1BDD-42BF-8EEB-4FAD7F1B406E}.Debug|Any CPU.ActiveCfg = Debug|Any CPU
		{164709A6-1BDD-42BF-8EEB-4FAD7F1B406E}.Debug|Any CPU.Build.0 = Debug|Any CPU
		{164709A6-1BDD-42BF-8EEB-4FAD7F1B406E}.Release|Any CPU.ActiveCfg = Release|Any CPU
		{164709A6-1BDD-42BF-8EEB-4FAD7F1B406E}.Release|Any CPU.Build.0 = Release|Any CPU
	EndGlobalSection
	GlobalSection(SolutionProperties) = preSolution
		HideSolutionNode = FALSE
	EndGlobalSection
	GlobalSection(ExtensibilityGlobals) = postSolution
		SolutionGuid = {05AFAFDE-1E27-4EDC-A5DE-8C158D1C457F}
	EndGlobalSection
EndGlobal
