
Microsoft Visual Studio Solution File, Format Version 12.00
# Visual Studio Version 16
VisualStudioVersion = 16.0.30621.155
MinimumVisualStudioVersion = 10.0.40219.1
Project("{FAE04EC0-301F-11D3-BF4B-00C04F79EFBC}") = "VesizleMvcCore", "VesizleMvcCore\VesizleMvcCore.csproj", "{427901A7-D88A-42D6-8ACD-4B194959E8EE}"
EndProject
Global
	GlobalSection(SolutionConfigurationPlatforms) = preSolution
		Debug|Any CPU = Debug|Any CPU
		Release|Any CPU = Release|Any CPU
	EndGlobalSection
	GlobalSection(ProjectConfigurationPlatforms) = postSolution
		{427901A7-D88A-42D6-8ACD-4B194959E8EE}.Debug|Any CPU.ActiveCfg = Debug|Any CPU
		{427901A7-D88A-42D6-8ACD-4B194959E8EE}.Debug|Any CPU.Build.0 = Debug|Any CPU
		{427901A7-D88A-42D6-8ACD-4B194959E8EE}.Release|Any CPU.ActiveCfg = Release|Any CPU
		{427901A7-D88A-42D6-8ACD-4B194959E8EE}.Release|Any CPU.Build.0 = Release|Any CPU
	EndGlobalSection
	GlobalSection(SolutionProperties) = preSolution
		HideSolutionNode = FALSE
	EndGlobalSection
	GlobalSection(ExtensibilityGlobals) = postSolution
		SolutionGuid = {05AFAFDE-1E27-4EDC-A5DE-8C158D1C457F}
	EndGlobalSection
EndGlobal
